schema: '2.0'
stages:
  extract_data:
    cmd: python training_pipeline/extract_data.py
    deps:
    - path: training_pipeline/extract_data.py
      hash: md5
      md5: d3fa27614477355815627608ce0bae62
      size: 1548
    outs:
    - path: data/dataset.csv
      hash: md5
      md5: a39616f295741a679f28293008263392
      size: 17507396
  modify_data:
    cmd: python training_pipeline/modify_data.py
    deps:
    - path: data/dataset.csv
      hash: md5
      md5: a39616f295741a679f28293008263392
      size: 17507396
    - path: training_pipeline/modify_data.py
      hash: md5
      md5: 9118e8713feed10567b492cb2386c22e
      size: 2741
    outs:
    - path: data/modified_dataset.csv
      hash: md5
      md5: 5915bfeccbd15762ea1a8788d43d4dab
      size: 2956908
  train_model:
    cmd: python training_pipeline/train_model.py
    deps:
    - path: data/modified_dataset.csv
      hash: md5
      md5: 5915bfeccbd15762ea1a8788d43d4dab
      size: 2956908
    - path: training_pipeline/train_model.py
      hash: md5
      md5: 813c39c9832b8e034553f8e07beb6516
      size: 2379
    outs:
    - path: models/catboost_model.pkl
      hash: md5
      md5: 5c1e436e40850c6b84789bf851a36553
      size: 91752621
