schema: '2.0'
stages:
  extract_data:
    cmd: python training_pipeline/extract_data.py
    deps:
    - path: training_pipeline/extract_data.py
      hash: md5
      md5: d3fa27614477355815627608ce0bae62
      size: 1548
    outs:
    - path: data/dataset.csv
      hash: md5
      md5: 15d69aab6d62ed22e0bb920697c34654
      size: 17507396
  modify_data:
    cmd: python training_pipeline/modify_data.py
    deps:
    - path: data/dataset.csv
      hash: md5
      md5: 15d69aab6d62ed22e0bb920697c34654
      size: 17507396
    - path: training_pipeline/modify_data.py
      hash: md5
      md5: 9118e8713feed10567b492cb2386c22e
      size: 2741
    outs:
    - path: data/modified_dataset.csv
      hash: md5
      md5: 9698f5498bed46348ba8c07d12ebb7b0
      size: 2956908
    - path: models/categorical_mappings.json
      hash: md5
      md5: 7218e0f1da6a0ffb6f57b1b3135e1970
      size: 11228
  train_model:
    cmd: python training_pipeline/train_model.py
    deps:
    - path: data/modified_dataset.csv
      hash: md5
      md5: 9698f5498bed46348ba8c07d12ebb7b0
      size: 2956908
    - path: training_pipeline/train_model.py
      hash: md5
      md5: 813c39c9832b8e034553f8e07beb6516
      size: 2379
    outs:
    - path: models/catboost_model.pkl
      hash: md5
      md5: ffa9f007f15d32ddf49f8889c8fdee0f
      size: 84834933
